
Microsoft Visual Studio Solution File, Format Version 12.00
# Visual Studio 15
VisualStudioVersion = 15.0.26124.0
MinimumVisualStudioVersion = 15.0.26124.0
Project("{FAE04EC0-301F-11D3-BF4B-00C04F79EFBC}") = "KeySkills.Crawler.Core", "KeySkills.Crawler.Core\KeySkills.Crawler.Core.csproj", "{425E8B8F-E65B-47B3-B3FF-EF1D08E3F0D3}"
EndProject
Project("{FAE04EC0-301F-11D3-BF4B-00C04F79EFBC}") = "KeySkills.Crawler.Core.Tests", "KeySkills.Crawler.Core.Tests\KeySkills.Crawler.Core.Tests.csproj", "{33BDA42E-486D-4444-9167-150CAF7B230B}"
EndProject
Project("{FAE04EC0-301F-11D3-BF4B-00C04F79EFBC}") = "KeySkills.Crawler.App", "KeySkills.Crawler.App\KeySkills.Crawler.App.csproj", "{B9148DCE-330C-4E80-8975-F97B28AFA7C1}"
EndProject
Project("{FAE04EC0-301F-11D3-BF4B-00C04F79EFBC}") = "KeySkills.Crawler.App.Tests", "KeySkills.Crawler.App.Tests\KeySkills.Crawler.App.Tests.csproj", "{CD42A025-003B-47EA-8643-09CB8A742336}"
EndProject
Project("{FAE04EC0-301F-11D3-BF4B-00C04F79EFBC}") = "KeySkills.Crawler.Clients", "KeySkills.Crawler.Clients\KeySkills.Crawler.Clients.csproj", "{BCD53BE5-AF92-4187-93E0-2A8F7F659B51}"
EndProject
Project("{FAE04EC0-301F-11D3-BF4B-00C04F79EFBC}") = "KeySkills.Crawler.Clients.Tests", "KeySkills.Crawler.Clients.Tests\KeySkills.Crawler.Clients.Tests.csproj", "{4D7C5A0D-DD1B-46FC-BF93-68C9C8DF5854}"
EndProject
Project("{FAE04EC0-301F-11D3-BF4B-00C04F79EFBC}") = "KeySkills.Core", "KeySkills.Core\KeySkills.Core.csproj", "{F8712B61-BDA5-4AA7-ABC4-C43D8463AB7B}"
EndProject
Project("{FAE04EC0-301F-11D3-BF4B-00C04F79EFBC}") = "KeySkills.Core.Tests", "KeySkills.Core.Tests\KeySkills.Core.Tests.csproj", "{E52B0346-0340-4287-984D-638CE8375ADA}"
EndProject
Project("{FAE04EC0-301F-11D3-BF4B-00C04F79EFBC}") = "KeySkills.Core.Data", "KeySkills.Core.Data\KeySkills.Core.Data.csproj", "{A7905199-34BD-4A18-94B3-4F062024640D}"
EndProject
Project("{FAE04EC0-301F-11D3-BF4B-00C04F79EFBC}") = "KeySkills.Core.Data.Sqlite", "KeySkills.Core.Data.Sqlite\KeySkills.Core.Data.Sqlite.csproj", "{944B5C36-FA5C-4416-A4A2-0F18E7A688E1}"
EndProject
Project("{FAE04EC0-301F-11D3-BF4B-00C04F79EFBC}") = "KeySkills.Core.Data.Tests", "KeySkills.Core.Data.Tests\KeySkills.Core.Data.Tests.csproj", "{5CFAF1D7-DD0E-416C-BDAA-2BC0CC0CF5BA}"
EndProject
Global
	GlobalSection(SolutionConfigurationPlatforms) = preSolution
		Debug|Any CPU = Debug|Any CPU
		Debug|x64 = Debug|x64
		Debug|x86 = Debug|x86
		Release|Any CPU = Release|Any CPU
		Release|x64 = Release|x64
		Release|x86 = Release|x86
	EndGlobalSection
	GlobalSection(SolutionProperties) = preSolution
		HideSolutionNode = FALSE
	EndGlobalSection
	GlobalSection(ProjectConfigurationPlatforms) = postSolution
		{425E8B8F-E65B-47B3-B3FF-EF1D08E3F0D3}.Debug|Any CPU.ActiveCfg = Debug|Any CPU
		{425E8B8F-E65B-47B3-B3FF-EF1D08E3F0D3}.Debug|Any CPU.Build.0 = Debug|Any CPU
		{425E8B8F-E65B-47B3-B3FF-EF1D08E3F0D3}.Debug|x64.ActiveCfg = Debug|Any CPU
		{425E8B8F-E65B-47B3-B3FF-EF1D08E3F0D3}.Debug|x64.Build.0 = Debug|Any CPU
		{425E8B8F-E65B-47B3-B3FF-EF1D08E3F0D3}.Debug|x86.ActiveCfg = Debug|Any CPU
		{425E8B8F-E65B-47B3-B3FF-EF1D08E3F0D3}.Debug|x86.Build.0 = Debug|Any CPU
		{425E8B8F-E65B-47B3-B3FF-EF1D08E3F0D3}.Release|Any CPU.ActiveCfg = Release|Any CPU
		{425E8B8F-E65B-47B3-B3FF-EF1D08E3F0D3}.Release|Any CPU.Build.0 = Release|Any CPU
		{425E8B8F-E65B-47B3-B3FF-EF1D08E3F0D3}.Release|x64.ActiveCfg = Release|Any CPU
		{425E8B8F-E65B-47B3-B3FF-EF1D08E3F0D3}.Release|x64.Build.0 = Release|Any CPU
		{425E8B8F-E65B-47B3-B3FF-EF1D08E3F0D3}.Release|x86.ActiveCfg = Release|Any CPU
		{425E8B8F-E65B-47B3-B3FF-EF1D08E3F0D3}.Release|x86.Build.0 = Release|Any CPU
		{33BDA42E-486D-4444-9167-150CAF7B230B}.Debug|Any CPU.ActiveCfg = Debug|Any CPU
		{33BDA42E-486D-4444-9167-150CAF7B230B}.Debug|Any CPU.Build.0 = Debug|Any CPU
		{33BDA42E-486D-4444-9167-150CAF7B230B}.Debug|x64.ActiveCfg = Debug|Any CPU
		{33BDA42E-486D-4444-9167-150CAF7B230B}.Debug|x64.Build.0 = Debug|Any CPU
		{33BDA42E-486D-4444-9167-150CAF7B230B}.Debug|x86.ActiveCfg = Debug|Any CPU
		{33BDA42E-486D-4444-9167-150CAF7B230B}.Debug|x86.Build.0 = Debug|Any CPU
		{33BDA42E-486D-4444-9167-150CAF7B230B}.Release|Any CPU.ActiveCfg = Release|Any CPU
		{33BDA42E-486D-4444-9167-150CAF7B230B}.Release|Any CPU.Build.0 = Release|Any CPU
		{33BDA42E-486D-4444-9167-150CAF7B230B}.Release|x64.ActiveCfg = Release|Any CPU
		{33BDA42E-486D-4444-9167-150CAF7B230B}.Release|x64.Build.0 = Release|Any CPU
		{33BDA42E-486D-4444-9167-150CAF7B230B}.Release|x86.ActiveCfg = Release|Any CPU
		{33BDA42E-486D-4444-9167-150CAF7B230B}.Release|x86.Build.0 = Release|Any CPU
		{B9148DCE-330C-4E80-8975-F97B28AFA7C1}.Debug|Any CPU.ActiveCfg = Debug|Any CPU
		{B9148DCE-330C-4E80-8975-F97B28AFA7C1}.Debug|Any CPU.Build.0 = Debug|Any CPU
		{B9148DCE-330C-4E80-8975-F97B28AFA7C1}.Debug|x64.ActiveCfg = Debug|Any CPU
		{B9148DCE-330C-4E80-8975-F97B28AFA7C1}.Debug|x64.Build.0 = Debug|Any CPU
		{B9148DCE-330C-4E80-8975-F97B28AFA7C1}.Debug|x86.ActiveCfg = Debug|Any CPU
		{B9148DCE-330C-4E80-8975-F97B28AFA7C1}.Debug|x86.Build.0 = Debug|Any CPU
		{B9148DCE-330C-4E80-8975-F97B28AFA7C1}.Release|Any CPU.ActiveCfg = Release|Any CPU
		{B9148DCE-330C-4E80-8975-F97B28AFA7C1}.Release|Any CPU.Build.0 = Release|Any CPU
		{B9148DCE-330C-4E80-8975-F97B28AFA7C1}.Release|x64.ActiveCfg = Release|Any CPU
		{B9148DCE-330C-4E80-8975-F97B28AFA7C1}.Release|x64.Build.0 = Release|Any CPU
		{B9148DCE-330C-4E80-8975-F97B28AFA7C1}.Release|x86.ActiveCfg = Release|Any CPU
		{B9148DCE-330C-4E80-8975-F97B28AFA7C1}.Release|x86.Build.0 = Release|Any CPU
		{CD42A025-003B-47EA-8643-09CB8A742336}.Debug|Any CPU.ActiveCfg = Debug|Any CPU
		{CD42A025-003B-47EA-8643-09CB8A742336}.Debug|Any CPU.Build.0 = Debug|Any CPU
		{CD42A025-003B-47EA-8643-09CB8A742336}.Debug|x64.ActiveCfg = Debug|Any CPU
		{CD42A025-003B-47EA-8643-09CB8A742336}.Debug|x64.Build.0 = Debug|Any CPU
		{CD42A025-003B-47EA-8643-09CB8A742336}.Debug|x86.ActiveCfg = Debug|Any CPU
		{CD42A025-003B-47EA-8643-09CB8A742336}.Debug|x86.Build.0 = Debug|Any CPU
		{CD42A025-003B-47EA-8643-09CB8A742336}.Release|Any CPU.ActiveCfg = Release|Any CPU
		{CD42A025-003B-47EA-8643-09CB8A742336}.Release|Any CPU.Build.0 = Release|Any CPU
		{CD42A025-003B-47EA-8643-09CB8A742336}.Release|x64.ActiveCfg = Release|Any CPU
		{CD42A025-003B-47EA-8643-09CB8A742336}.Release|x64.Build.0 = Release|Any CPU
		{CD42A025-003B-47EA-8643-09CB8A742336}.Release|x86.ActiveCfg = Release|Any CPU
		{CD42A025-003B-47EA-8643-09CB8A742336}.Release|x86.Build.0 = Release|Any CPU
		{BCD53BE5-AF92-4187-93E0-2A8F7F659B51}.Debug|Any CPU.ActiveCfg = Debug|Any CPU
		{BCD53BE5-AF92-4187-93E0-2A8F7F659B51}.Debug|Any CPU.Build.0 = Debug|Any CPU
		{BCD53BE5-AF92-4187-93E0-2A8F7F659B51}.Debug|x64.ActiveCfg = Debug|Any CPU
		{BCD53BE5-AF92-4187-93E0-2A8F7F659B51}.Debug|x64.Build.0 = Debug|Any CPU
		{BCD53BE5-AF92-4187-93E0-2A8F7F659B51}.Debug|x86.ActiveCfg = Debug|Any CPU
		{BCD53BE5-AF92-4187-93E0-2A8F7F659B51}.Debug|x86.Build.0 = Debug|Any CPU
		{BCD53BE5-AF92-4187-93E0-2A8F7F659B51}.Release|Any CPU.ActiveCfg = Release|Any CPU
		{BCD53BE5-AF92-4187-93E0-2A8F7F659B51}.Release|Any CPU.Build.0 = Release|Any CPU
		{BCD53BE5-AF92-4187-93E0-2A8F7F659B51}.Release|x64.ActiveCfg = Release|Any CPU
		{BCD53BE5-AF92-4187-93E0-2A8F7F659B51}.Release|x64.Build.0 = Release|Any CPU
		{BCD53BE5-AF92-4187-93E0-2A8F7F659B51}.Release|x86.ActiveCfg = Release|Any CPU
		{BCD53BE5-AF92-4187-93E0-2A8F7F659B51}.Release|x86.Build.0 = Release|Any CPU
		{4D7C5A0D-DD1B-46FC-BF93-68C9C8DF5854}.Debug|Any CPU.ActiveCfg = Debug|Any CPU
		{4D7C5A0D-DD1B-46FC-BF93-68C9C8DF5854}.Debug|Any CPU.Build.0 = Debug|Any CPU
		{4D7C5A0D-DD1B-46FC-BF93-68C9C8DF5854}.Debug|x64.ActiveCfg = Debug|Any CPU
		{4D7C5A0D-DD1B-46FC-BF93-68C9C8DF5854}.Debug|x64.Build.0 = Debug|Any CPU
		{4D7C5A0D-DD1B-46FC-BF93-68C9C8DF5854}.Debug|x86.ActiveCfg = Debug|Any CPU
		{4D7C5A0D-DD1B-46FC-BF93-68C9C8DF5854}.Debug|x86.Build.0 = Debug|Any CPU
		{4D7C5A0D-DD1B-46FC-BF93-68C9C8DF5854}.Release|Any CPU.ActiveCfg = Release|Any CPU
		{4D7C5A0D-DD1B-46FC-BF93-68C9C8DF5854}.Release|Any CPU.Build.0 = Release|Any CPU
		{4D7C5A0D-DD1B-46FC-BF93-68C9C8DF5854}.Release|x64.ActiveCfg = Release|Any CPU
		{4D7C5A0D-DD1B-46FC-BF93-68C9C8DF5854}.Release|x64.Build.0 = Release|Any CPU
		{4D7C5A0D-DD1B-46FC-BF93-68C9C8DF5854}.Release|x86.ActiveCfg = Release|Any CPU
		{4D7C5A0D-DD1B-46FC-BF93-68C9C8DF5854}.Release|x86.Build.0 = Release|Any CPU
		{F8712B61-BDA5-4AA7-ABC4-C43D8463AB7B}.Debug|Any CPU.ActiveCfg = Debug|Any CPU
		{F8712B61-BDA5-4AA7-ABC4-C43D8463AB7B}.Debug|Any CPU.Build.0 = Debug|Any CPU
		{F8712B61-BDA5-4AA7-ABC4-C43D8463AB7B}.Debug|x64.ActiveCfg = Debug|Any CPU
		{F8712B61-BDA5-4AA7-ABC4-C43D8463AB7B}.Debug|x64.Build.0 = Debug|Any CPU
		{F8712B61-BDA5-4AA7-ABC4-C43D8463AB7B}.Debug|x86.ActiveCfg = Debug|Any CPU
		{F8712B61-BDA5-4AA7-ABC4-C43D8463AB7B}.Debug|x86.Build.0 = Debug|Any CPU
		{F8712B61-BDA5-4AA7-ABC4-C43D8463AB7B}.Release|Any CPU.ActiveCfg = Release|Any CPU
		{F8712B61-BDA5-4AA7-ABC4-C43D8463AB7B}.Release|Any CPU.Build.0 = Release|Any CPU
		{F8712B61-BDA5-4AA7-ABC4-C43D8463AB7B}.Release|x64.ActiveCfg = Release|Any CPU
		{F8712B61-BDA5-4AA7-ABC4-C43D8463AB7B}.Release|x64.Build.0 = Release|Any CPU
		{F8712B61-BDA5-4AA7-ABC4-C43D8463AB7B}.Release|x86.ActiveCfg = Release|Any CPU
		{F8712B61-BDA5-4AA7-ABC4-C43D8463AB7B}.Release|x86.Build.0 = Release|Any CPU
		{E52B0346-0340-4287-984D-638CE8375ADA}.Debug|Any CPU.ActiveCfg = Debug|Any CPU
		{E52B0346-0340-4287-984D-638CE8375ADA}.Debug|Any CPU.Build.0 = Debug|Any CPU
		{E52B0346-0340-4287-984D-638CE8375ADA}.Debug|x64.ActiveCfg = Debug|Any CPU
		{E52B0346-0340-4287-984D-638CE8375ADA}.Debug|x64.Build.0 = Debug|Any CPU
		{E52B0346-0340-4287-984D-638CE8375ADA}.Debug|x86.ActiveCfg = Debug|Any CPU
		{E52B0346-0340-4287-984D-638CE8375ADA}.Debug|x86.Build.0 = Debug|Any CPU
		{E52B0346-0340-4287-984D-638CE8375ADA}.Release|Any CPU.ActiveCfg = Release|Any CPU
		{E52B0346-0340-4287-984D-638CE8375ADA}.Release|Any CPU.Build.0 = Release|Any CPU
		{E52B0346-0340-4287-984D-638CE8375ADA}.Release|x64.ActiveCfg = Release|Any CPU
		{E52B0346-0340-4287-984D-638CE8375ADA}.Release|x64.Build.0 = Release|Any CPU
		{E52B0346-0340-4287-984D-638CE8375ADA}.Release|x86.ActiveCfg = Release|Any CPU
		{E52B0346-0340-4287-984D-638CE8375ADA}.Release|x86.Build.0 = Release|Any CPU
		{A7905199-34BD-4A18-94B3-4F062024640D}.Debug|Any CPU.ActiveCfg = Debug|Any CPU
		{A7905199-34BD-4A18-94B3-4F062024640D}.Debug|Any CPU.Build.0 = Debug|Any CPU
		{A7905199-34BD-4A18-94B3-4F062024640D}.Debug|x64.ActiveCfg = Debug|Any CPU
		{A7905199-34BD-4A18-94B3-4F062024640D}.Debug|x64.Build.0 = Debug|Any CPU
		{A7905199-34BD-4A18-94B3-4F062024640D}.Debug|x86.ActiveCfg = Debug|Any CPU
		{A7905199-34BD-4A18-94B3-4F062024640D}.Debug|x86.Build.0 = Debug|Any CPU
		{A7905199-34BD-4A18-94B3-4F062024640D}.Release|Any CPU.ActiveCfg = Release|Any CPU
		{A7905199-34BD-4A18-94B3-4F062024640D}.Release|Any CPU.Build.0 = Release|Any CPU
		{A7905199-34BD-4A18-94B3-4F062024640D}.Release|x64.ActiveCfg = Release|Any CPU
		{A7905199-34BD-4A18-94B3-4F062024640D}.Release|x64.Build.0 = Release|Any CPU
		{A7905199-34BD-4A18-94B3-4F062024640D}.Release|x86.ActiveCfg = Release|Any CPU
		{A7905199-34BD-4A18-94B3-4F062024640D}.Release|x86.Build.0 = Release|Any CPU
		{944B5C36-FA5C-4416-A4A2-0F18E7A688E1}.Debug|Any CPU.ActiveCfg = Debug|Any CPU
		{944B5C36-FA5C-4416-A4A2-0F18E7A688E1}.Debug|Any CPU.Build.0 = Debug|Any CPU
		{944B5C36-FA5C-4416-A4A2-0F18E7A688E1}.Debug|x64.ActiveCfg = Debug|Any CPU
		{944B5C36-FA5C-4416-A4A2-0F18E7A688E1}.Debug|x64.Build.0 = Debug|Any CPU
		{944B5C36-FA5C-4416-A4A2-0F18E7A688E1}.Debug|x86.ActiveCfg = Debug|Any CPU
		{944B5C36-FA5C-4416-A4A2-0F18E7A688E1}.Debug|x86.Build.0 = Debug|Any CPU
		{944B5C36-FA5C-4416-A4A2-0F18E7A688E1}.Release|Any CPU.ActiveCfg = Release|Any CPU
		{944B5C36-FA5C-4416-A4A2-0F18E7A688E1}.Release|Any CPU.Build.0 = Release|Any CPU
		{944B5C36-FA5C-4416-A4A2-0F18E7A688E1}.Release|x64.ActiveCfg = Release|Any CPU
		{944B5C36-FA5C-4416-A4A2-0F18E7A688E1}.Release|x64.Build.0 = Release|Any CPU
		{944B5C36-FA5C-4416-A4A2-0F18E7A688E1}.Release|x86.ActiveCfg = Release|Any CPU
		{944B5C36-FA5C-4416-A4A2-0F18E7A688E1}.Release|x86.Build.0 = Release|Any CPU
		{5CFAF1D7-DD0E-416C-BDAA-2BC0CC0CF5BA}.Debug|Any CPU.ActiveCfg = Debug|Any CPU
		{5CFAF1D7-DD0E-416C-BDAA-2BC0CC0CF5BA}.Debug|Any CPU.Build.0 = Debug|Any CPU
		{5CFAF1D7-DD0E-416C-BDAA-2BC0CC0CF5BA}.Debug|x64.ActiveCfg = Debug|Any CPU
		{5CFAF1D7-DD0E-416C-BDAA-2BC0CC0CF5BA}.Debug|x64.Build.0 = Debug|Any CPU
		{5CFAF1D7-DD0E-416C-BDAA-2BC0CC0CF5BA}.Debug|x86.ActiveCfg = Debug|Any CPU
		{5CFAF1D7-DD0E-416C-BDAA-2BC0CC0CF5BA}.Debug|x86.Build.0 = Debug|Any CPU
		{5CFAF1D7-DD0E-416C-BDAA-2BC0CC0CF5BA}.Release|Any CPU.ActiveCfg = Release|Any CPU
		{5CFAF1D7-DD0E-416C-BDAA-2BC0CC0CF5BA}.Release|Any CPU.Build.0 = Release|Any CPU
		{5CFAF1D7-DD0E-416C-BDAA-2BC0CC0CF5BA}.Release|x64.ActiveCfg = Release|Any CPU
		{5CFAF1D7-DD0E-416C-BDAA-2BC0CC0CF5BA}.Release|x64.Build.0 = Release|Any CPU
		{5CFAF1D7-DD0E-416C-BDAA-2BC0CC0CF5BA}.Release|x86.ActiveCfg = Release|Any CPU
		{5CFAF1D7-DD0E-416C-BDAA-2BC0CC0CF5BA}.Release|x86.Build.0 = Release|Any CPU
	EndGlobalSection
EndGlobal
